
Microsoft Visual Studio Solution File, Format Version 12.00
# Visual Studio 15
VisualStudioVersion = 15.0.28307.779
MinimumVisualStudioVersion = 10.0.40219.1
Project("{FAE04EC0-301F-11D3-BF4B-00C04F79EFBC}") = "AppRoute66", "AppRoute66\AppRoute66.csproj", "{956E3030-D82E-47AB-BD1C-C1B1A2CBDC34}"
EndProject
Global
	GlobalSection(SolutionConfigurationPlatforms) = preSolution
		Debug|Any CPU = Debug|Any CPU
		Release|Any CPU = Release|Any CPU
	EndGlobalSection
	GlobalSection(ProjectConfigurationPlatforms) = postSolution
		{956E3030-D82E-47AB-BD1C-C1B1A2CBDC34}.Debug|Any CPU.ActiveCfg = Debug|Any CPU
		{956E3030-D82E-47AB-BD1C-C1B1A2CBDC34}.Debug|Any CPU.Build.0 = Debug|Any CPU
		{956E3030-D82E-47AB-BD1C-C1B1A2CBDC34}.Release|Any CPU.ActiveCfg = Release|Any CPU
		{956E3030-D82E-47AB-BD1C-C1B1A2CBDC34}.Release|Any CPU.Build.0 = Release|Any CPU
	EndGlobalSection
	GlobalSection(SolutionProperties) = preSolution
		HideSolutionNode = FALSE
	EndGlobalSection
	GlobalSection(ExtensibilityGlobals) = postSolution
		SolutionGuid = {FDA12522-4C6C-474E-9753-CFD970CB46C1}
	EndGlobalSection
EndGlobal
